
Microsoft Visual Studio Solution File, Format Version 12.00
# Visual Studio Version 16
VisualStudioVersion = 16.0.31005.135
MinimumVisualStudioVersion = 10.0.40219.1
Project("{FAE04EC0-301F-11D3-BF4B-00C04F79EFBC}") = "YNS8429_Deneme", "YNS8429_Deneme\YNS8429_Deneme.csproj", "{4C97888C-9797-4404-805D-88EFEA29A885}"
EndProject
Global
	GlobalSection(SolutionConfigurationPlatforms) = preSolution
		Debug|Any CPU = Debug|Any CPU
		Release|Any CPU = Release|Any CPU
	EndGlobalSection
	GlobalSection(ProjectConfigurationPlatforms) = postSolution
		{4C97888C-9797-4404-805D-88EFEA29A885}.Debug|Any CPU.ActiveCfg = Debug|Any CPU
		{4C97888C-9797-4404-805D-88EFEA29A885}.Debug|Any CPU.Build.0 = Debug|Any CPU
		{4C97888C-9797-4404-805D-88EFEA29A885}.Release|Any CPU.ActiveCfg = Release|Any CPU
		{4C97888C-9797-4404-805D-88EFEA29A885}.Release|Any CPU.Build.0 = Release|Any CPU
	EndGlobalSection
	GlobalSection(SolutionProperties) = preSolution
		HideSolutionNode = FALSE
	EndGlobalSection
	GlobalSection(ExtensibilityGlobals) = postSolution
		SolutionGuid = {567DFB61-0F04-419C-B6D8-B42BCF3BDB0C}
	EndGlobalSection
EndGlobal
